// !$*UTF8*$!
{
	archiveVersion = 1;
	classes = {
	};
	objectVersion = 56;
	objects = {

/* Begin PBXBuildFile section */
		4E250CCE2B49193C007201DA /* AppDelegate.swift in Sources */ = {isa = PBXBuildFile; fileRef = 4E250CCD2B49193C007201DA /* AppDelegate.swift */; };
		4E250CD02B49193C007201DA /* SceneDelegate.swift in Sources */ = {isa = PBXBuildFile; fileRef = 4E250CCF2B49193C007201DA /* SceneDelegate.swift */; };
		4E250CD22B49193C007201DA /* FirstPostVC.swift in Sources */ = {isa = PBXBuildFile; fileRef = 4E250CD12B49193C007201DA /* FirstPostVC.swift */; };
		4E250CD52B49193C007201DA /* Main.storyboard in Resources */ = {isa = PBXBuildFile; fileRef = 4E250CD32B49193C007201DA /* Main.storyboard */; };
		4E250CD72B49193F007201DA /* Assets.xcassets in Resources */ = {isa = PBXBuildFile; fileRef = 4E250CD62B49193F007201DA /* Assets.xcassets */; };
		4E250CDA2B49193F007201DA /* LaunchScreen.storyboard in Resources */ = {isa = PBXBuildFile; fileRef = 4E250CD82B49193F007201DA /* LaunchScreen.storyboard */; };
		4E250CE72B495079007201DA /* PostModel.swift in Sources */ = {isa = PBXBuildFile; fileRef = 4E250CE62B495079007201DA /* PostModel.swift */; };
		4E250CE92B49566C007201DA /* ApiService.swift in Sources */ = {isa = PBXBuildFile; fileRef = 4E250CE82B49566C007201DA /* ApiService.swift */; };
		4E250CEC2B495EFD007201DA /* Constants.swift in Sources */ = {isa = PBXBuildFile; fileRef = 4E250CEB2B495EFD007201DA /* Constants.swift */; };
		4E250CF12B496237007201DA /* PostTableViewCell.swift in Sources */ = {isa = PBXBuildFile; fileRef = 4E250CEF2B496237007201DA /* PostTableViewCell.swift */; };
		4E250CF22B496237007201DA /* PostTableViewCell.xib in Resources */ = {isa = PBXBuildFile; fileRef = 4E250CF02B496237007201DA /* PostTableViewCell.xib */; };
		4E250CF42B496757007201DA /* AllPostsVC.swift in Sources */ = {isa = PBXBuildFile; fileRef = 4E250CF32B496757007201DA /* AllPostsVC.swift */; };
/* End PBXBuildFile section */

/* Begin PBXFileReference section */
		4E250CCA2B49193C007201DA /* test.app */ = {isa = PBXFileReference; explicitFileType = wrapper.application; includeInIndex = 0; path = test.app; sourceTree = BUILT_PRODUCTS_DIR; };
		4E250CCD2B49193C007201DA /* AppDelegate.swift */ = {isa = PBXFileReference; lastKnownFileType = sourcecode.swift; path = AppDelegate.swift; sourceTree = "<group>"; };
		4E250CCF2B49193C007201DA /* SceneDelegate.swift */ = {isa = PBXFileReference; lastKnownFileType = sourcecode.swift; path = SceneDelegate.swift; sourceTree = "<group>"; };
		4E250CD12B49193C007201DA /* FirstPostVC.swift */ = {isa = PBXFileReference; lastKnownFileType = sourcecode.swift; path = FirstPostVC.swift; sourceTree = "<group>"; };
		4E250CD42B49193C007201DA /* Base */ = {isa = PBXFileReference; lastKnownFileType = file.storyboard; name = Base; path = Base.lproj/Main.storyboard; sourceTree = "<group>"; };
		4E250CD62B49193F007201DA /* Assets.xcassets */ = {isa = PBXFileReference; lastKnownFileType = folder.assetcatalog; path = Assets.xcassets; sourceTree = "<group>"; };
		4E250CD92B49193F007201DA /* Base */ = {isa = PBXFileReference; lastKnownFileType = file.storyboard; name = Base; path = Base.lproj/LaunchScreen.storyboard; sourceTree = "<group>"; };
		4E250CDB2B49193F007201DA /* Info.plist */ = {isa = PBXFileReference; lastKnownFileType = text.plist.xml; path = Info.plist; sourceTree = "<group>"; };
		4E250CE62B495079007201DA /* PostModel.swift */ = {isa = PBXFileReference; lastKnownFileType = sourcecode.swift; path = PostModel.swift; sourceTree = "<group>"; };
		4E250CE82B49566C007201DA /* ApiService.swift */ = {isa = PBXFileReference; lastKnownFileType = sourcecode.swift; path = ApiService.swift; sourceTree = "<group>"; };
		4E250CEB2B495EFD007201DA /* Constants.swift */ = {isa = PBXFileReference; lastKnownFileType = sourcecode.swift; path = Constants.swift; sourceTree = "<group>"; };
		4E250CEF2B496237007201DA /* PostTableViewCell.swift */ = {isa = PBXFileReference; lastKnownFileType = sourcecode.swift; path = PostTableViewCell.swift; sourceTree = "<group>"; };
		4E250CF02B496237007201DA /* PostTableViewCell.xib */ = {isa = PBXFileReference; lastKnownFileType = file.xib; path = PostTableViewCell.xib; sourceTree = "<group>"; };
		4E250CF32B496757007201DA /* AllPostsVC.swift */ = {isa = PBXFileReference; lastKnownFileType = sourcecode.swift; path = AllPostsVC.swift; sourceTree = "<group>"; };
/* End PBXFileReference section */

/* Begin PBXFrameworksBuildPhase section */
		4E250CC72B49193C007201DA /* Frameworks */ = {
			isa = PBXFrameworksBuildPhase;
			buildActionMask = 2147483647;
			files = (
			);
			runOnlyForDeploymentPostprocessing = 0;
		};
/* End PBXFrameworksBuildPhase section */

/* Begin PBXGroup section */
		4E250CC12B49193C007201DA = {
			isa = PBXGroup;
			children = (
				4E250CCC2B49193C007201DA /* test */,
				4E250CCB2B49193C007201DA /* Products */,
			);
			sourceTree = "<group>";
		};
		4E250CCB2B49193C007201DA /* Products */ = {
			isa = PBXGroup;
			children = (
				4E250CCA2B49193C007201DA /* test.app */,
			);
			name = Products;
			sourceTree = "<group>";
		};
		4E250CCC2B49193C007201DA /* test */ = {
			isa = PBXGroup;
			children = (
				4E250CEA2B495B46007201DA /* ِApiService */,
				4E250CE52B491B7A007201DA /* Controller */,
				4E250CE42B491B6D007201DA /* View */,
				4E250CE22B491AD4007201DA /* Model */,
				4E250CE12B491ABF007201DA /* Delegate */,
				4E250CD62B49193F007201DA /* Assets.xcassets */,
				4E250CDB2B49193F007201DA /* Info.plist */,
				4E250CEB2B495EFD007201DA /* Constants.swift */,
			);
			path = test;
			sourceTree = "<group>";
		};
		4E250CE12B491ABF007201DA /* Delegate */ = {
			isa = PBXGroup;
			children = (
				4E250CCD2B49193C007201DA /* AppDelegate.swift */,
				4E250CCF2B49193C007201DA /* SceneDelegate.swift */,
			);
			path = Delegate;
			sourceTree = "<group>";
		};
		4E250CE22B491AD4007201DA /* Model */ = {
			isa = PBXGroup;
			children = (
				4E250CE62B495079007201DA /* PostModel.swift */,
			);
			path = Model;
			sourceTree = "<group>";
		};
		4E250CE42B491B6D007201DA /* View */ = {
			isa = PBXGroup;
			children = (
				4E250CF52B4982A7007201DA /* PostsTvCelll */,
				4E250CD32B49193C007201DA /* Main.storyboard */,
				4E250CD82B49193F007201DA /* LaunchScreen.storyboard */,
			);
			path = View;
			sourceTree = "<group>";
		};
		4E250CE52B491B7A007201DA /* Controller */ = {
			isa = PBXGroup;
			children = (
				4E250CD12B49193C007201DA /* FirstPostVC.swift */,
				4E250CF32B496757007201DA /* AllPostsVC.swift */,
			);
			path = Controller;
			sourceTree = "<group>";
		};
		4E250CEA2B495B46007201DA /* ِApiService */ = {
			isa = PBXGroup;
			children = (
				4E250CE82B49566C007201DA /* ApiService.swift */,
			);
			path = "ِApiService";
			sourceTree = "<group>";
		};
		4E250CF52B4982A7007201DA /* PostsTvCelll */ = {
			isa = PBXGroup;
			children = (
				4E250CEF2B496237007201DA /* PostTableViewCell.swift */,
				4E250CF02B496237007201DA /* PostTableViewCell.xib */,
			);
			path = PostsTvCelll;
			sourceTree = "<group>";
		};
/* End PBXGroup section */

/* Begin PBXNativeTarget section */
		4E250CC92B49193C007201DA /* test */ = {
			isa = PBXNativeTarget;
			buildConfigurationList = 4E250CDE2B49193F007201DA /* Build configuration list for PBXNativeTarget "test" */;
			buildPhases = (
				4E250CC62B49193C007201DA /* Sources */,
				4E250CC72B49193C007201DA /* Frameworks */,
				4E250CC82B49193C007201DA /* Resources */,
			);
			buildRules = (
			);
			dependencies = (
			);
			name = test;
			productName = test;
			productReference = 4E250CCA2B49193C007201DA /* test.app */;
			productType = "com.apple.product-type.application";
		};
/* End PBXNativeTarget section */

/* Begin PBXProject section */
		4E250CC22B49193C007201DA /* Project object */ = {
			isa = PBXProject;
			attributes = {
				BuildIndependentTargetsInParallel = 1;
				LastSwiftUpdateCheck = 1430;
				LastUpgradeCheck = 1430;
				TargetAttributes = {
					4E250CC92B49193C007201DA = {
						CreatedOnToolsVersion = 14.3;
					};
				};
			};
			buildConfigurationList = 4E250CC52B49193C007201DA /* Build configuration list for PBXProject "test" */;
			compatibilityVersion = "Xcode 14.0";
			developmentRegion = en;
			hasScannedForEncodings = 0;
			knownRegions = (
				en,
				Base,
			);
			mainGroup = 4E250CC12B49193C007201DA;
			productRefGroup = 4E250CCB2B49193C007201DA /* Products */;
			projectDirPath = "";
			projectRoot = "";
			targets = (
				4E250CC92B49193C007201DA /* test */,
			);
		};
/* End PBXProject section */

/* Begin PBXResourcesBuildPhase section */
		4E250CC82B49193C007201DA /* Resources */ = {
			isa = PBXResourcesBuildPhase;
			buildActionMask = 2147483647;
			files = (
				4E250CDA2B49193F007201DA /* LaunchScreen.storyboard in Resources */,
				4E250CD72B49193F007201DA /* Assets.xcassets in Resources */,
				4E250CD52B49193C007201DA /* Main.storyboard in Resources */,
				4E250CF22B496237007201DA /* PostTableViewCell.xib in Resources */,
			);
			runOnlyForDeploymentPostprocessing = 0;
		};
/* End PBXResourcesBuildPhase section */

/* Begin PBXSourcesBuildPhase section */
		4E250CC62B49193C007201DA /* Sources */ = {
			isa = PBXSourcesBuildPhase;
			buildActionMask = 2147483647;
			files = (
				4E250CF12B496237007201DA /* PostTableViewCell.swift in Sources */,
				4E250CD22B49193C007201DA /* FirstPostVC.swift in Sources */,
				4E250CE92B49566C007201DA /* ApiService.swift in Sources */,
				4E250CE72B495079007201DA /* PostModel.swift in Sources */,
				4E250CCE2B49193C007201DA /* AppDelegate.swift in Sources */,
				4E250CD02B49193C007201DA /* SceneDelegate.swift in Sources */,
				4E250CF42B496757007201DA /* AllPostsVC.swift in Sources */,
				4E250CEC2B495EFD007201DA /* Constants.swift in Sources */,
			);
			runOnlyForDeploymentPostprocessing = 0;
		};
/* End PBXSourcesBuildPhase section */

/* Begin PBXVariantGroup section */
		4E250CD32B49193C007201DA /* Main.storyboard */ = {
			isa = PBXVariantGroup;
			children = (
				4E250CD42B49193C007201DA /* Base */,
			);
			name = Main.storyboard;
			sourceTree = "<group>";
		};
		4E250CD82B49193F007201DA /* LaunchScreen.storyboard */ = {
			isa = PBXVariantGroup;
			children = (
				4E250CD92B49193F007201DA /* Base */,
			);
			name = LaunchScreen.storyboard;
			sourceTree = "<group>";
		};
/* End PBXVariantGroup section */

/* Begin XCBuildConfiguration section */
		4E250CDC2B49193F007201DA /* Debug */ = {
			isa = XCBuildConfiguration;
			buildSettings = {
				ALWAYS_SEARCH_USER_PATHS = NO;
				CLANG_ANALYZER_NONNULL = YES;
				CLANG_ANALYZER_NUMBER_OBJECT_CONVERSION = YES_AGGRESSIVE;
				CLANG_CXX_LANGUAGE_STANDARD = "gnu++20";
				CLANG_ENABLE_MODULES = YES;
				CLANG_ENABLE_OBJC_ARC = YES;
				CLANG_ENABLE_OBJC_WEAK = YES;
				CLANG_WARN_BLOCK_CAPTURE_AUTORELEASING = YES;
				CLANG_WARN_BOOL_CONVERSION = YES;
				CLANG_WARN_COMMA = YES;
				CLANG_WARN_CONSTANT_CONVERSION = YES;
				CLANG_WARN_DEPRECATED_OBJC_IMPLEMENTATIONS = YES;
				CLANG_WARN_DIRECT_OBJC_ISA_USAGE = YES_ERROR;
				CLANG_WARN_DOCUMENTATION_COMMENTS = YES;
				CLANG_WARN_EMPTY_BODY = YES;
				CLANG_WARN_ENUM_CONVERSION = YES;
				CLANG_WARN_INFINITE_RECURSION = YES;
				CLANG_WARN_INT_CONVERSION = YES;
				CLANG_WARN_NON_LITERAL_NULL_CONVERSION = YES;
				CLANG_WARN_OBJC_IMPLICIT_RETAIN_SELF = YES;
				CLANG_WARN_OBJC_LITERAL_CONVERSION = YES;
				CLANG_WARN_OBJC_ROOT_CLASS = YES_ERROR;
				CLANG_WARN_QUOTED_INCLUDE_IN_FRAMEWORK_HEADER = YES;
				CLANG_WARN_RANGE_LOOP_ANALYSIS = YES;
				CLANG_WARN_STRICT_PROTOTYPES = YES;
				CLANG_WARN_SUSPICIOUS_MOVE = YES;
				CLANG_WARN_UNGUARDED_AVAILABILITY = YES_AGGRESSIVE;
				CLANG_WARN_UNREACHABLE_CODE = YES;
				CLANG_WARN__DUPLICATE_METHOD_MATCH = YES;
				COPY_PHASE_STRIP = NO;
				DEBUG_INFORMATION_FORMAT = dwarf;
				ENABLE_STRICT_OBJC_MSGSEND = YES;
				ENABLE_TESTABILITY = YES;
				GCC_C_LANGUAGE_STANDARD = gnu11;
				GCC_DYNAMIC_NO_PIC = NO;
				GCC_NO_COMMON_BLOCKS = YES;
				GCC_OPTIMIZATION_LEVEL = 0;
				GCC_PREPROCESSOR_DEFINITIONS = (
					"DEBUG=1",
					"$(inherited)",
				);
				GCC_WARN_64_TO_32_BIT_CONVERSION = YES;
				GCC_WARN_ABOUT_RETURN_TYPE = YES_ERROR;
				GCC_WARN_UNDECLARED_SELECTOR = YES;
				GCC_WARN_UNINITIALIZED_AUTOS = YES_AGGRESSIVE;
				GCC_WARN_UNUSED_FUNCTION = YES;
				GCC_WARN_UNUSED_VARIABLE = YES;
				IPHONEOS_DEPLOYMENT_TARGET = 16.4;
				MTL_ENABLE_DEBUG_INFO = INCLUDE_SOURCE;
				MTL_FAST_MATH = YES;
				ONLY_ACTIVE_ARCH = YES;
				SDKROOT = iphoneos;
				SWIFT_ACTIVE_COMPILATION_CONDITIONS = DEBUG;
				SWIFT_OPTIMIZATION_LEVEL = "-Onone";
			};
			name = Debug;
		};
		4E250CDD2B49193F007201DA /* Release */ = {
			isa = XCBuildConfiguration;
			buildSettings = {
				ALWAYS_SEARCH_USER_PATHS = NO;
				CLANG_ANALYZER_NONNULL = YES;
				CLANG_ANALYZER_NUMBER_OBJECT_CONVERSION = YES_AGGRESSIVE;
				CLANG_CXX_LANGUAGE_STANDARD = "gnu++20";
				CLANG_ENABLE_MODULES = YES;
				CLANG_ENABLE_OBJC_ARC = YES;
				CLANG_ENABLE_OBJC_WEAK = YES;
				CLANG_WARN_BLOCK_CAPTURE_AUTORELEASING = YES;
				CLANG_WARN_BOOL_CONVERSION = YES;
				CLANG_WARN_COMMA = YES;
				CLANG_WARN_CONSTANT_CONVERSION = YES;
				CLANG_WARN_DEPRECATED_OBJC_IMPLEMENTATIONS = YES;
				CLANG_WARN_DIRECT_OBJC_ISA_USAGE = YES_ERROR;
				CLANG_WARN_DOCUMENTATION_COMMENTS = YES;
				CLANG_WARN_EMPTY_BODY = YES;
				CLANG_WARN_ENUM_CONVERSION = YES;
				CLANG_WARN_INFINITE_RECURSION = YES;
				CLANG_WARN_INT_CONVERSION = YES;
				CLANG_WARN_NON_LITERAL_NULL_CONVERSION = YES;
				CLANG_WARN_OBJC_IMPLICIT_RETAIN_SELF = YES;
				CLANG_WARN_OBJC_LITERAL_CONVERSION = YES;
				CLANG_WARN_OBJC_ROOT_CLASS = YES_ERROR;
				CLANG_WARN_QUOTED_INCLUDE_IN_FRAMEWORK_HEADER = YES;
				CLANG_WARN_RANGE_LOOP_ANALYSIS = YES;
				CLANG_WARN_STRICT_PROTOTYPES = YES;
				CLANG_WARN_SUSPICIOUS_MOVE = YES;
				CLANG_WARN_UNGUARDED_AVAILABILITY = YES_AGGRESSIVE;
				CLANG_WARN_UNREACHABLE_CODE = YES;
				CLANG_WARN__DUPLICATE_METHOD_MATCH = YES;
				COPY_PHASE_STRIP = NO;
				DEBUG_INFORMATION_FORMAT = "dwarf-with-dsym";
				ENABLE_NS_ASSERTIONS = NO;
				ENABLE_STRICT_OBJC_MSGSEND = YES;
				GCC_C_LANGUAGE_STANDARD = gnu11;
				GCC_NO_COMMON_BLOCKS = YES;
				GCC_WARN_64_TO_32_BIT_CONVERSION = YES;
				GCC_WARN_ABOUT_RETURN_TYPE = YES_ERROR;
				GCC_WARN_UNDECLARED_SELECTOR = YES;
				GCC_WARN_UNINITIALIZED_AUTOS = YES_AGGRESSIVE;
				GCC_WARN_UNUSED_FUNCTION = YES;
				GCC_WARN_UNUSED_VARIABLE = YES;
				IPHONEOS_DEPLOYMENT_TARGET = 16.4;
				MTL_ENABLE_DEBUG_INFO = NO;
				MTL_FAST_MATH = YES;
				SDKROOT = iphoneos;
				SWIFT_COMPILATION_MODE = wholemodule;
				SWIFT_OPTIMIZATION_LEVEL = "-O";
				VALIDATE_PRODUCT = YES;
			};
			name = Release;
		};
		4E250CDF2B49193F007201DA /* Debug */ = {
			isa = XCBuildConfiguration;
			buildSettings = {
				ASSETCATALOG_COMPILER_APPICON_NAME = AppIcon;
				ASSETCATALOG_COMPILER_GLOBAL_ACCENT_COLOR_NAME = AccentColor;
				CODE_SIGN_STYLE = Manual;
				CURRENT_PROJECT_VERSION = 1;
				DEVELOPMENT_TEAM = "";
				GENERATE_INFOPLIST_FILE = YES;
				INFOPLIST_FILE = test/Info.plist;
				INFOPLIST_KEY_UIApplicationSupportsIndirectInputEvents = YES;
				INFOPLIST_KEY_UILaunchStoryboardName = LaunchScreen;
				INFOPLIST_KEY_UIMainStoryboardFile = Main;
				INFOPLIST_KEY_UISupportedInterfaceOrientations_iPad = "UIInterfaceOrientationPortrait UIInterfaceOrientationPortraitUpsideDown UIInterfaceOrientationLandscapeLeft UIInterfaceOrientationLandscapeRight";
				INFOPLIST_KEY_UISupportedInterfaceOrientations_iPhone = "UIInterfaceOrientationPortrait UIInterfaceOrientationLandscapeLeft UIInterfaceOrientationLandscapeRight";
				LD_RUNPATH_SEARCH_PATHS = (
					"$(inherited)",
					"@executable_path/Frameworks",
				);
				MARKETING_VERSION = 1.0;
				PRODUCT_BUNDLE_IDENTIFIER = com.AhmedSamir.test;
				PRODUCT_NAME = "$(TARGET_NAME)";
				PROVISIONING_PROFILE_SPECIFIER = "";
				SWIFT_EMIT_LOC_STRINGS = YES;
				SWIFT_VERSION = 5.0;
				TARGETED_DEVICE_FAMILY = "1,2";
			};
			name = Debug;
		};
		4E250CE02B49193F007201DA /* Release */ = {
			isa = XCBuildConfiguration;
			buildSettings = {
				ASSETCATALOG_COMPILER_APPICON_NAME = AppIcon;
				ASSETCATALOG_COMPILER_GLOBAL_ACCENT_COLOR_NAME = AccentColor;
				CODE_SIGN_STYLE = Manual;
				CURRENT_PROJECT_VERSION = 1;
				DEVELOPMENT_TEAM = "";
				GENERATE_INFOPLIST_FILE = YES;
				INFOPLIST_FILE = test/Info.plist;
				INFOPLIST_KEY_UIApplicationSupportsIndirectInputEvents = YES;
				INFOPLIST_KEY_UILaunchStoryboardName = LaunchScreen;
				INFOPLIST_KEY_UIMainStoryboardFile = Main;
				INFOPLIST_KEY_UISupportedInterfaceOrientations_iPad = "UIInterfaceOrientationPortrait UIInterfaceOrientationPortraitUpsideDown UIInterfaceOrientationLandscapeLeft UIInterfaceOrientationLandscapeRight";
				INFOPLIST_KEY_UISupportedInterfaceOrientations_iPhone = "UIInterfaceOrientationPortrait UIInterfaceOrientationLandscapeLeft UIInterfaceOrientationLandscapeRight";
				LD_RUNPATH_SEARCH_PATHS = (
					"$(inherited)",
					"@executable_path/Frameworks",
				);
				MARKETING_VERSION = 1.0;
				PRODUCT_BUNDLE_IDENTIFIER = com.AhmedSamir.test;
				PRODUCT_NAME = "$(TARGET_NAME)";
				PROVISIONING_PROFILE_SPECIFIER = "";
				SWIFT_EMIT_LOC_STRINGS = YES;
				SWIFT_VERSION = 5.0;
				TARGETED_DEVICE_FAMILY = "1,2";
			};
			name = Release;
		};
/* End XCBuildConfiguration section */

/* Begin XCConfigurationList section */
		4E250CC52B49193C007201DA /* Build configuration list for PBXProject "test" */ = {
			isa = XCConfigurationList;
			buildConfigurations = (
				4E250CDC2B49193F007201DA /* Debug */,
				4E250CDD2B49193F007201DA /* Release */,
			);
			defaultConfigurationIsVisible = 0;
			defaultConfigurationName = Release;
		};
		4E250CDE2B49193F007201DA /* Build configuration list for PBXNativeTarget "test" */ = {
			isa = XCConfigurationList;
			buildConfigurations = (
				4E250CDF2B49193F007201DA /* Debug */,
				4E250CE02B49193F007201DA /* Release */,
			);
			defaultConfigurationIsVisible = 0;
			defaultConfigurationName = Release;
		};
/* End XCConfigurationList section */
	};
	rootObject = 4E250CC22B49193C007201DA /* Project object */;
}
